// !$*UTF8*$!
{
	archiveVersion = 1;
	classes = {
	};
	objectVersion = 46;
	objects = {

/* Begin PBXBuildFile section */
		C8F754421CEEBAAA000E4334 /* AppDelegate.swift in Sources */ = {isa = PBXBuildFile; fileRef = C8F754411CEEBAAA000E4334 /* AppDelegate.swift */; };
		C8F754441CEEBAAA000E4334 /* ViewController.swift in Sources */ = {isa = PBXBuildFile; fileRef = C8F754431CEEBAAA000E4334 /* ViewController.swift */; };
		C8F754471CEEBAAA000E4334 /* Main.storyboard in Resources */ = {isa = PBXBuildFile; fileRef = C8F754451CEEBAAA000E4334 /* Main.storyboard */; };
		C8F7544A1CEEBAAA000E4334 /* ContactU.xcdatamodeld in Sources */ = {isa = PBXBuildFile; fileRef = C8F754481CEEBAAA000E4334 /* ContactU.xcdatamodeld */; };
		C8F7544C1CEEBAAA000E4334 /* Assets.xcassets in Resources */ = {isa = PBXBuildFile; fileRef = C8F7544B1CEEBAAA000E4334 /* Assets.xcassets */; };
		C8F7544F1CEEBAAA000E4334 /* LaunchScreen.storyboard in Resources */ = {isa = PBXBuildFile; fileRef = C8F7544D1CEEBAAA000E4334 /* LaunchScreen.storyboard */; };
/* End PBXBuildFile section */

/* Begin PBXFileReference section */
		C8F7543E1CEEBAAA000E4334 /* ContactU.app */ = {isa = PBXFileReference; explicitFileType = wrapper.application; includeInIndex = 0; path = ContactU.app; sourceTree = BUILT_PRODUCTS_DIR; };
		C8F754411CEEBAAA000E4334 /* AppDelegate.swift */ = {isa = PBXFileReference; lastKnownFileType = sourcecode.swift; path = AppDelegate.swift; sourceTree = "<group>"; };
		C8F754431CEEBAAA000E4334 /* ViewController.swift */ = {isa = PBXFileReference; lastKnownFileType = sourcecode.swift; path = ViewController.swift; sourceTree = "<group>"; };
		C8F754461CEEBAAA000E4334 /* Base */ = {isa = PBXFileReference; lastKnownFileType = file.storyboard; name = Base; path = Base.lproj/Main.storyboard; sourceTree = "<group>"; };
		C8F754491CEEBAAA000E4334 /* ContactU.xcdatamodel */ = {isa = PBXFileReference; lastKnownFileType = wrapper.xcdatamodel; path = ContactU.xcdatamodel; sourceTree = "<group>"; };
		C8F7544B1CEEBAAA000E4334 /* Assets.xcassets */ = {isa = PBXFileReference; lastKnownFileType = folder.assetcatalog; path = Assets.xcassets; sourceTree = "<group>"; };
		C8F7544E1CEEBAAA000E4334 /* Base */ = {isa = PBXFileReference; lastKnownFileType = file.storyboard; name = Base; path = Base.lproj/LaunchScreen.storyboard; sourceTree = "<group>"; };
		C8F754501CEEBAAA000E4334 /* Info.plist */ = {isa = PBXFileReference; lastKnownFileType = text.plist.xml; path = Info.plist; sourceTree = "<group>"; };
/* End PBXFileReference section */

/* Begin PBXFrameworksBuildPhase section */
		C8F7543B1CEEBAAA000E4334 /* Frameworks */ = {
			isa = PBXFrameworksBuildPhase;
			buildActionMask = 2147483647;
			files = (
			);
			runOnlyForDeploymentPostprocessing = 0;
		};
/* End PBXFrameworksBuildPhase section */

/* Begin PBXGroup section */
		C8F754351CEEBAAA000E4334 = {
			isa = PBXGroup;
			children = (
				C8F754401CEEBAAA000E4334 /* ContactU */,
				C8F7543F1CEEBAAA000E4334 /* Products */,
			);
			sourceTree = "<group>";
		};
		C8F7543F1CEEBAAA000E4334 /* Products */ = {
			isa = PBXGroup;
			children = (
				C8F7543E1CEEBAAA000E4334 /* ContactU.app */,
			);
			name = Products;
			sourceTree = "<group>";
		};
		C8F754401CEEBAAA000E4334 /* ContactU */ = {
			isa = PBXGroup;
			children = (
				C8F754411CEEBAAA000E4334 /* AppDelegate.swift */,
				C8F754431CEEBAAA000E4334 /* ViewController.swift */,
				C8F754451CEEBAAA000E4334 /* Main.storyboard */,
				C8F7544B1CEEBAAA000E4334 /* Assets.xcassets */,
				C8F7544D1CEEBAAA000E4334 /* LaunchScreen.storyboard */,
				C8F754501CEEBAAA000E4334 /* Info.plist */,
				C8F754481CEEBAAA000E4334 /* ContactU.xcdatamodeld */,
			);
			path = ContactU;
			sourceTree = "<group>";
		};
/* End PBXGroup section */

/* Begin PBXNativeTarget section */
		C8F7543D1CEEBAAA000E4334 /* ContactU */ = {
			isa = PBXNativeTarget;
			buildConfigurationList = C8F754531CEEBAAA000E4334 /* Build configuration list for PBXNativeTarget "ContactU" */;
			buildPhases = (
				C8F7543A1CEEBAAA000E4334 /* Sources */,
				C8F7543B1CEEBAAA000E4334 /* Frameworks */,
				C8F7543C1CEEBAAA000E4334 /* Resources */,
			);
			buildRules = (
			);
			dependencies = (
			);
			name = ContactU;
			productName = ContactU;
			productReference = C8F7543E1CEEBAAA000E4334 /* ContactU.app */;
			productType = "com.apple.product-type.application";
		};
/* End PBXNativeTarget section */

/* Begin PBXProject section */
		C8F754361CEEBAAA000E4334 /* Project object */ = {
			isa = PBXProject;
			attributes = {
				LastSwiftUpdateCheck = 0730;
				LastUpgradeCheck = 0730;
				ORGANIZATIONNAME = "Zero Inc.";
				TargetAttributes = {
					C8F7543D1CEEBAAA000E4334 = {
						CreatedOnToolsVersion = 7.3.1;
						DevelopmentTeam = 84L477D9BC;
					};
				};
			};
			buildConfigurationList = C8F754391CEEBAAA000E4334 /* Build configuration list for PBXProject "ContactU" */;
			compatibilityVersion = "Xcode 3.2";
			developmentRegion = English;
			hasScannedForEncodings = 0;
			knownRegions = (
				en,
				Base,
			);
			mainGroup = C8F754351CEEBAAA000E4334;
			productRefGroup = C8F7543F1CEEBAAA000E4334 /* Products */;
			projectDirPath = "";
			projectRoot = "";
			targets = (
				C8F7543D1CEEBAAA000E4334 /* ContactU */,
			);
		};
/* End PBXProject section */

/* Begin PBXResourcesBuildPhase section */
		C8F7543C1CEEBAAA000E4334 /* Resources */ = {
			isa = PBXResourcesBuildPhase;
			buildActionMask = 2147483647;
			files = (
				C8F7544F1CEEBAAA000E4334 /* LaunchScreen.storyboard in Resources */,
				C8F7544C1CEEBAAA000E4334 /* Assets.xcassets in Resources */,
				C8F754471CEEBAAA000E4334 /* Main.storyboard in Resources */,
			);
			runOnlyForDeploymentPostprocessing = 0;
		};
/* End PBXResourcesBuildPhase section */

/* Begin PBXSourcesBuildPhase section */
		C8F7543A1CEEBAAA000E4334 /* Sources */ = {
			isa = PBXSourcesBuildPhase;
			buildActionMask = 2147483647;
			files = (
				C8F754441CEEBAAA000E4334 /* ViewController.swift in Sources */,
				C8F754421CEEBAAA000E4334 /* AppDelegate.swift in Sources */,
				C8F7544A1CEEBAAA000E4334 /* ContactU.xcdatamodeld in Sources */,
			);
			runOnlyForDeploymentPostprocessing = 0;
		};
/* End PBXSourcesBuildPhase section */

/* Begin PBXVariantGroup section */
		C8F754451CEEBAAA000E4334 /* Main.storyboard */ = {
			isa = PBXVariantGroup;
			children = (
				C8F754461CEEBAAA000E4334 /* Base */,
			);
			name = Main.storyboard;
			sourceTree = "<group>";
		};
		C8F7544D1CEEBAAA000E4334 /* LaunchScreen.storyboard */ = {
			isa = PBXVariantGroup;
			children = (
				C8F7544E1CEEBAAA000E4334 /* Base */,
			);
			name = LaunchScreen.storyboard;
			sourceTree = "<group>";
		};
/* End PBXVariantGroup section */

/* Begin XCBuildConfiguration section */
		C8F754511CEEBAAA000E4334 /* Debug */ = {
			isa = XCBuildConfiguration;
			buildSettings = {
				ALWAYS_SEARCH_USER_PATHS = NO;
				CLANG_ANALYZER_NONNULL = YES;
				CLANG_CXX_LANGUAGE_STANDARD = "gnu++0x";
				CLANG_CXX_LIBRARY = "libc++";
				CLANG_ENABLE_MODULES = YES;
				CLANG_ENABLE_OBJC_ARC = YES;
				CLANG_WARN_BOOL_CONVERSION = YES;
				CLANG_WARN_CONSTANT_CONVERSION = YES;
				CLANG_WARN_DIRECT_OBJC_ISA_USAGE = YES_ERROR;
				CLANG_WARN_EMPTY_BODY = YES;
				CLANG_WARN_ENUM_CONVERSION = YES;
				CLANG_WARN_INT_CONVERSION = YES;
				CLANG_WARN_OBJC_ROOT_CLASS = YES_ERROR;
				CLANG_WARN_UNREACHABLE_CODE = YES;
				CLANG_WARN__DUPLICATE_METHOD_MATCH = YES;
				"CODE_SIGN_IDENTITY[sdk=iphoneos*]" = "iPhone Developer";
				COPY_PHASE_STRIP = NO;
				DEBUG_INFORMATION_FORMAT = dwarf;
				ENABLE_STRICT_OBJC_MSGSEND = YES;
				ENABLE_TESTABILITY = YES;
				GCC_C_LANGUAGE_STANDARD = gnu99;
				GCC_DYNAMIC_NO_PIC = NO;
				GCC_NO_COMMON_BLOCKS = YES;
				GCC_OPTIMIZATION_LEVEL = 0;
				GCC_PREPROCESSOR_DEFINITIONS = (
					"DEBUG=1",
					"$(inherited)",
				);
				GCC_WARN_64_TO_32_BIT_CONVERSION = YES;
				GCC_WARN_ABOUT_RETURN_TYPE = YES_ERROR;
				GCC_WARN_UNDECLARED_SELECTOR = YES;
				GCC_WARN_UNINITIALIZED_AUTOS = YES_AGGRESSIVE;
				GCC_WARN_UNUSED_FUNCTION = YES;
				GCC_WARN_UNUSED_VARIABLE = YES;
				IPHONEOS_DEPLOYMENT_TARGET = 9.3;
				MTL_ENABLE_DEBUG_INFO = YES;
				ONLY_ACTIVE_ARCH = YES;
				SDKROOT = iphoneos;
				SWIFT_OPTIMIZATION_LEVEL = "-Onone";
				TARGETED_DEVICE_FAMILY = "1,2";
			};
			name = Debug;
		};
		C8F754521CEEBAAA000E4334 /* Release */ = {
			isa = XCBuildConfiguration;
			buildSettings = {
				ALWAYS_SEARCH_USER_PATHS = NO;
				CLANG_ANALYZER_NONNULL = YES;
				CLANG_CXX_LANGUAGE_STANDARD = "gnu++0x";
				CLANG_CXX_LIBRARY = "libc++";
				CLANG_ENABLE_MODULES = YES;
				CLANG_ENABLE_OBJC_ARC = YES;
				CLANG_WARN_BOOL_CONVERSION = YES;
				CLANG_WARN_CONSTANT_CONVERSION = YES;
				CLANG_WARN_DIRECT_OBJC_ISA_USAGE = YES_ERROR;
				CLANG_WARN_EMPTY_BODY = YES;
				CLANG_WARN_ENUM_CONVERSION = YES;
				CLANG_WARN_INT_CONVERSION = YES;
				CLANG_WARN_OBJC_ROOT_CLASS = YES_ERROR;
				CLANG_WARN_UNREACHABLE_CODE = YES;
				CLANG_WARN__DUPLICATE_METHOD_MATCH = YES;
				"CODE_SIGN_IDENTITY[sdk=iphoneos*]" = "iPhone Developer";
				COPY_PHASE_STRIP = NO;
				DEBUG_INFORMATION_FORMAT = "dwarf-with-dsym";
				ENABLE_NS_ASSERTIONS = NO;
				ENABLE_STRICT_OBJC_MSGSEND = YES;
				GCC_C_LANGUAGE_STANDARD = gnu99;
				GCC_NO_COMMON_BLOCKS = YES;
				GCC_WARN_64_TO_32_BIT_CONVERSION = YES;
				GCC_WARN_ABOUT_RETURN_TYPE = YES_ERROR;
				GCC_WARN_UNDECLARED_SELECTOR = YES;
				GCC_WARN_UNINITIALIZED_AUTOS = YES_AGGRESSIVE;
				GCC_WARN_UNUSED_FUNCTION = YES;
				GCC_WARN_UNUSED_VARIABLE = YES;
				IPHONEOS_DEPLOYMENT_TARGET = 9.3;
				MTL_ENABLE_DEBUG_INFO = NO;
				SDKROOT = iphoneos;
				TARGETED_DEVICE_FAMILY = "1,2";
				VALIDATE_PRODUCT = YES;
			};
			name = Release;
		};
		C8F754541CEEBAAA000E4334 /* Debug */ = {
			isa = XCBuildConfiguration;
			buildSettings = {
				ASSETCATALOG_COMPILER_APPICON_NAME = AppIcon;
				INFOPLIST_FILE = ContactU/Info.plist;
				LD_RUNPATH_SEARCH_PATHS = "$(inherited) @executable_path/Frameworks";
				PRODUCT_BUNDLE_IDENTIFIER = Zero.Inc.ContactU;
				PRODUCT_NAME = "$(TARGET_NAME)";
			};
			name = Debug;
		};
		C8F754551CEEBAAA000E4334 /* Release */ = {
			isa = XCBuildConfiguration;
			buildSettings = {
				ASSETCATALOG_COMPILER_APPICON_NAME = AppIcon;
				INFOPLIST_FILE = ContactU/Info.plist;
				LD_RUNPATH_SEARCH_PATHS = "$(inherited) @executable_path/Frameworks";
				PRODUCT_BUNDLE_IDENTIFIER = Zero.Inc.ContactU;
				PRODUCT_NAME = "$(TARGET_NAME)";
			};
			name = Release;
		};
/* End XCBuildConfiguration section */

/* Begin XCConfigurationList section */
		C8F754391CEEBAAA000E4334 /* Build configuration list for PBXProject "ContactU" */ = {
			isa = XCConfigurationList;
			buildConfigurations = (
				C8F754511CEEBAAA000E4334 /* Debug */,
				C8F754521CEEBAAA000E4334 /* Release */,
			);
			defaultConfigurationIsVisible = 0;
			defaultConfigurationName = Release;
		};
		C8F754531CEEBAAA000E4334 /* Build configuration list for PBXNativeTarget "ContactU" */ = {
			isa = XCConfigurationList;
			buildConfigurations = (
				C8F754541CEEBAAA000E4334 /* Debug */,
				C8F754551CEEBAAA000E4334 /* Release */,
			);
			defaultConfigurationIsVisible = 0;
		};
/* End XCConfigurationList section */

/* Begin XCVersionGroup section */
		C8F754481CEEBAAA000E4334 /* ContactU.xcdatamodeld */ = {
			isa = XCVersionGroup;
			children = (
				C8F754491CEEBAAA000E4334 /* ContactU.xcdatamodel */,
			);
			currentVersion = C8F754491CEEBAAA000E4334 /* ContactU.xcdatamodel */;
			path = ContactU.xcdatamodeld;
			sourceTree = "<group>";
			versionGroupType = wrapper.xcdatamodel;
		};
/* End XCVersionGroup section */
	};
	rootObject = C8F754361CEEBAAA000E4334 /* Project object */;
}
